
Microsoft Visual Studio Solution File, Format Version 12.00
# Visual Studio Version 17
VisualStudioVersion = 17.0.31912.275
MinimumVisualStudioVersion = 10.0.40219.1
Project("{FAE04EC0-301F-11D3-BF4B-00C04F79EFBC}") = "StrategyPattern", "StrategyPattern\StrategyPattern.csproj", "{E2C138CB-615D-4843-9C4B-858D61E6C46B}"
EndProject
Global
	GlobalSection(SolutionConfigurationPlatforms) = preSolution
		Debug|Any CPU = Debug|Any CPU
		Release|Any CPU = Release|Any CPU
	EndGlobalSection
	GlobalSection(ProjectConfigurationPlatforms) = postSolution
		{E2C138CB-615D-4843-9C4B-858D61E6C46B}.Debug|Any CPU.ActiveCfg = Debug|Any CPU
		{E2C138CB-615D-4843-9C4B-858D61E6C46B}.Debug|Any CPU.Build.0 = Debug|Any CPU
		{E2C138CB-615D-4843-9C4B-858D61E6C46B}.Release|Any CPU.ActiveCfg = Release|Any CPU
		{E2C138CB-615D-4843-9C4B-858D61E6C46B}.Release|Any CPU.Build.0 = Release|Any CPU
	EndGlobalSection
	GlobalSection(SolutionProperties) = preSolution
		HideSolutionNode = FALSE
	EndGlobalSection
	GlobalSection(ExtensibilityGlobals) = postSolution
		SolutionGuid = {93455EBF-EF9D-4EAB-AD67-E423B9C0E1BA}
	EndGlobalSection
EndGlobal
